{
  "originHash" : "0a98d2f95614e4f42446649a02470d0ec33b6d14471b56fbfbf0c81ec6b30cce",
  "pins" : [
    {
      "identity" : "inject",
      "kind" : "remoteSourceControl",
      "location" : "https://github.com/krzysztofzablocki/Inject.git",
      "state" : {
        "revision" : "f53380e986a8b056e37d7ce9ca68de610b8415ef",
        "version" : "1.6.0"
      }
    },
    {
      "identity" : "posthog-ios",
      "kind" : "remoteSourceControl",
      "location" : "https://github.com/PostHog/posthog-ios.git",
      "state" : {
        "revision" : "131859db52a6d65bc77a6f8846239a22bad8dd14",
        "version" : "3.68.2"
      }
    },
    {
      "identity" : "sentry-cocoa",
      "kind" : "remoteSourceControl",
      "location" : "https://github.com/getsentry/sentry-cocoa.git",
      "state" : {
        "revision" : "afa7510e05b99f35c1febe47566bfd868fa53fb9",
        "version" : "9.23.0"
      }
    },
    {
      "identity" : "sparkle",
      "kind" : "remoteSourceControl",
      "location" : "https://github.com/sparkle-project/Sparkle",
      "state" : {
        "revision" : "066e75a8b3e99962685d6a90cdd5293ebffd9261",
        "version" : "2.9.1"
      }
    }
  ],
  "version" : 3
}
