{
  "originHash" : "58d16c0cb295ea86d4512adfd70d56f90b098073409ca06e3ff75a5b3abdc880",
  "pins" : [
    {
      "identity" : "beam",
      "kind" : "remoteSourceControl",
      "location" : "https://github.com/tornikegomareli/beam.git",
      "state" : {
        "revision" : "96eb0e2973326d2bce7bc3d4da3950b2fdfbf437",
        "version" : "0.1.0"
      }
    },
    {
      "identity" : "posthog-ios",
      "kind" : "remoteSourceControl",
      "location" : "https://github.com/PostHog/posthog-ios.git",
      "state" : {
        "revision" : "131859db52a6d65bc77a6f8846239a22bad8dd14",
        "version" : "3.68.2"
      }
    },
    {
      "identity" : "sentry-cocoa",
      "kind" : "remoteSourceControl",
      "location" : "https://github.com/getsentry/sentry-cocoa.git",
      "state" : {
        "revision" : "afa7510e05b99f35c1febe47566bfd868fa53fb9",
        "version" : "9.23.0"
      }
    },
    {
      "identity" : "sparkle",
      "kind" : "remoteSourceControl",
      "location" : "https://github.com/sparkle-project/Sparkle",
      "state" : {
        "revision" : "066e75a8b3e99962685d6a90cdd5293ebffd9261",
        "version" : "2.9.1"
      }
    }
  ],
  "version" : 3
}
