// !$*UTF8*$!
{
	archiveVersion = 1;
	classes = {
	};
	objectVersion = 77;
	objects = {

/* Begin PBXBuildFile section */
		5EF522556FCD42DFA4915F5E /* main.swift in Sources */ = {isa = PBXBuildFile; fileRef = 2F7EE24F00684AD1BC0124C3 /* main.swift */; };
		E1C18B1FCE6F4CDA919F06DF /* LearningsHoningView.swift in Sources */ = {isa = PBXBuildFile; fileRef = 0C803137980F429E8E946D30 /* LearningsHoningView.swift */; };
		9AB64201726C425D855C0797 /* DuplicateSettingsView.swift in Sources */ = {isa = PBXBuildFile; fileRef = A5A81E48B6924B669F4A879F /* DuplicateSettingsView.swift */; };
		5B461775CCAE4523A380B07C /* HelpView.swift in Sources */ = {isa = PBXBuildFile; fileRef = 9AD0E58548934B6E962C2293 /* HelpView.swift */; };
		C836ED182D2842A2A579A019 /* LearningsView.swift in Sources */ = {isa = PBXBuildFile; fileRef = 981E7344DFEC4943BA212BED /* LearningsView.swift */; };
		BCB2827FDC414BD094AAAD11 /* WorkspaceHealthSettingsView.swift in Sources */ = {isa = PBXBuildFile; fileRef = 2CB0D86DE50E4D9CBC5C5ECF /* WorkspaceHealthSettingsView.swift */; };
		85137445BF444F6A88D754C4 /* PersonaGeneratorView.swift in Sources */ = {isa = PBXBuildFile; fileRef = DD45CA7DAA5F44C7A079DB75 /* PersonaGeneratorView.swift */; };
		F6164663847540069EEB8A54 /* PersonaEditorView.swift in Sources */ = {isa = PBXBuildFile; fileRef = 5062580BD1774F0F962F59AB /* PersonaEditorView.swift */; };
		94F6F33B4A704362BD91C1B7 /* AboutView.swift in Sources */ = {isa = PBXBuildFile; fileRef = 184F7C8F139045209C236DEF /* AboutView.swift */; };
		2C347B73946C4BE3A65A11B3 /* PersonaHoning.swift in Sources */ = {isa = PBXBuildFile; fileRef = CC10DBA81E6B4008B54F0753 /* PersonaHoning.swift */; };
		FD2674BB5DB344E6834A0020 /* PersonaGenerator.swift in Sources */ = {isa = PBXBuildFile; fileRef = 9C8F13C6A8A94E8E8A9CA15F /* PersonaGenerator.swift */; };
		A41A850779B745DFB9493AB3 /* LearningsManager.swift in Sources */ = {isa = PBXBuildFile; fileRef = 013C0B2ACB544367B1D15939 /* LearningsManager.swift */; };
		27DF4666D2F74AE5B53CF3AD /* LearningsModels.swift in Sources */ = {isa = PBXBuildFile; fileRef = 884D9885364848D980496707 /* LearningsModels.swift */; };
		365746FA957F49A88C99B2EE /* LLMRuleInducer.swift in Sources */ = {isa = PBXBuildFile; fileRef = 47870FA6EF8C4D89A960A570 /* LLMRuleInducer.swift */; };
		7ED95C0ED6B3404D91996F2F /* LearningsProfile.swift in Sources */ = {isa = PBXBuildFile; fileRef = D432637FC00D448EB39EF9B9 /* LearningsProfile.swift */; };
		C636317AEB8C4833989D92A4 /* LearningsConsentManager.swift in Sources */ = {isa = PBXBuildFile; fileRef = 7D137B803768405893B39520 /* LearningsConsentManager.swift */; };
		9A77E5C833114F39A922149C /* RuleInducer.swift in Sources */ = {isa = PBXBuildFile; fileRef = 55984B92E4214A4C8D008A7C /* RuleInducer.swift */; };
		2261A4BCD6C24D7DA5AB8321 /* LearningsHoningEngine.swift in Sources */ = {isa = PBXBuildFile; fileRef = 31E36B4FA59346F393528A49 /* LearningsHoningEngine.swift */; };
		6EDC835F365B441598DF6063 /* ContinuousLearningObserver.swift in Sources */ = {isa = PBXBuildFile; fileRef = 1813B822AD484B13A22DC5E2 /* ContinuousLearningObserver.swift */; };
		27412A15DA6148F49ACD0BC6 /* PatternMatcher.swift in Sources */ = {isa = PBXBuildFile; fileRef = 048494702C94478CA4F45671 /* PatternMatcher.swift */; };
		B7175043EFC84B55BB376637 /* LearningsFileManager.swift in Sources */ = {isa = PBXBuildFile; fileRef = DDFD17C04F03490991995D66 /* LearningsFileManager.swift */; };
		08558CA9E8704012BEC16BB6 /* LearningsAnalyzer.swift in Sources */ = {isa = PBXBuildFile; fileRef = C42902EEA5C445E4AE788CC8 /* LearningsAnalyzer.swift */; };
		601EC048635B48738F5F3CE2 /* SecurityManager.swift in Sources */ = {isa = PBXBuildFile; fileRef = A16512BA43584CED96CBA3B6 /* SecurityManager.swift */; };
		7989759D8FFD4445A5743204 /* DeeplinkHandler.swift in Sources */ = {isa = PBXBuildFile; fileRef = C11B0BE9C6014659B48C3487 /* DeeplinkHandler.swift */; };
		3E649B82FFB640C391E43ACE /* BuildInfo.swift in Sources */ = {isa = PBXBuildFile; fileRef = 13D819A55F7A41718667A095 /* BuildInfo.swift */; };
		5FE8A8189833491A9349A25E /* DuplicateSettings.swift in Sources */ = {isa = PBXBuildFile; fileRef = BC308D14346345408E8CF27D /* DuplicateSettings.swift */; };
		33007BB92F09093D000207CB /* CustomPersona.swift in Sources */ = {isa = PBXBuildFile; fileRef = 33007BB82F09093D000207CB /* CustomPersona.swift */; };
		3353FC472F0124320097CD23 /* DirectoryScanner.swift in Sources */ = {isa = PBXBuildFile; fileRef = 3353FC232F0124320097CD23 /* DirectoryScanner.swift */; };
		3353FC482F0124320097CD23 /* ExclusionRulesView.swift in Sources */ = {isa = PBXBuildFile; fileRef = 3353FC3E2F0124320097CD23 /* ExclusionRulesView.swift */; };
		3353FC492F0124320097CD23 /* DebugLogger.swift in Sources */ = {isa = PBXBuildFile; fileRef = 3353FC352F0124320097CD23 /* DebugLogger.swift */; };
		3353FC4A2F0124320097CD23 /* OrganizationPlan.swift in Sources */ = {isa = PBXBuildFile; fileRef = 3353FC2E2F0124320097CD23 /* OrganizationPlan.swift */; };
		3353FC4B2F0124320097CD23 /* FolderSuggestion.swift in Sources */ = {isa = PBXBuildFile; fileRef = 3353FC2C2F0124320097CD23 /* FolderSuggestion.swift */; };
		3353FC4C2F0124320097CD23 /* ResponseParser.swift in Sources */ = {isa = PBXBuildFile; fileRef = 3353FC202F0124320097CD23 /* ResponseParser.swift */; };
		3353FC4D2F0124320097CD23 /* FolderOrganizer.swift in Sources */ = {isa = PBXBuildFile; fileRef = 3353FC312F0124320097CD23 /* FolderOrganizer.swift */; };
		3353FC4E2F0124320097CD23 /* OrganizeView.swift in Sources */ = {isa = PBXBuildFile; fileRef = 3353FC412F0124320097CD23 /* OrganizeView.swift */; };
		3353FC4F2F0124320097CD23 /* SettingsView.swift in Sources */ = {isa = PBXBuildFile; fileRef = 3353FC432F0124320097CD23 /* SettingsView.swift */; };
		3353FC502F0124320097CD23 /* AIConfig.swift in Sources */ = {isa = PBXBuildFile; fileRef = 3353FC292F0124320097CD23 /* AIConfig.swift */; };
		3353FC512F0124320097CD23 /* Constants.swift in Sources */ = {isa = PBXBuildFile; fileRef = 3353FC342F0124320097CD23 /* Constants.swift */; };
		3353FC522F0124320097CD23 /* KeychainManager.swift in Sources */ = {isa = PBXBuildFile; fileRef = 3353FC372F0124320097CD23 /* KeychainManager.swift */; };
		3353FC532F0124320097CD23 /* FileItem.swift in Sources */ = {isa = PBXBuildFile; fileRef = 3353FC2B2F0124320097CD23 /* FileItem.swift */; };
		3353FC542F0124320097CD23 /* AIClientFactory.swift in Sources */ = {isa = PBXBuildFile; fileRef = 3353FC1B2F0124320097CD23 /* AIClientFactory.swift */; };
		3353FC552F0124320097CD23 /* SettingsViewModel.swift in Sources */ = {isa = PBXBuildFile; fileRef = 3353FC392F0124320097CD23 /* SettingsViewModel.swift */; };
		3353FC562F0124320097CD23 /* OrganizationHistory.swift in Sources */ = {isa = PBXBuildFile; fileRef = 3353FC2D2F0124320097CD23 /* OrganizationHistory.swift */; };
		3353FC572F0124320097CD23 /* ExtensionCommunication.swift in Sources */ = {isa = PBXBuildFile; fileRef = 3353FC262F0124320097CD23 /* ExtensionCommunication.swift */; };
		3353FC582F0124320097CD23 /* PromptBuilder.swift in Sources */ = {isa = PBXBuildFile; fileRef = 3353FC1F2F0124320097CD23 /* PromptBuilder.swift */; };
		3353FC592F0124320097CD23 /* FileSystemManager.swift in Sources */ = {isa = PBXBuildFile; fileRef = 3353FC242F0124320097CD23 /* FileSystemManager.swift */; };
		3353FC5A2F0124320097CD23 /* OpenAIClient.swift in Sources */ = {isa = PBXBuildFile; fileRef = 3353FC1E2F0124320097CD23 /* OpenAIClient.swift */; };
		3353FC5B2F0124320097CD23 /* AnalysisView.swift in Sources */ = {isa = PBXBuildFile; fileRef = 3353FC3B2F0124320097CD23 /* AnalysisView.swift */; };
		3353FC5C2F0124320097CD23 /* OrganizationResultView.swift in Sources */ = {isa = PBXBuildFile; fileRef = 3353FC402F0124320097CD23 /* OrganizationResultView.swift */; };
		3353FC5D2F0124320097CD23 /* AIClientProtocol.swift in Sources */ = {isa = PBXBuildFile; fileRef = 3353FC1C2F0124320097CD23 /* AIClientProtocol.swift */; };
		3353FC5E2F0124320097CD23 /* AppleFoundationModelClient.swift in Sources */ = {isa = PBXBuildFile; fileRef = 3353FC1D2F0124320097CD23 /* AppleFoundationModelClient.swift */; };
		3353FC5F2F0124320097CD23 /* Extensions.swift in Sources */ = {isa = PBXBuildFile; fileRef = 3353FC362F0124320097CD23 /* Extensions.swift */; };
		3353FC602F0124320097CD23 /* ExclusionRule.swift in Sources */ = {isa = PBXBuildFile; fileRef = 3353FC2A2F0124320097CD23 /* ExclusionRule.swift */; };
		3353FC612F0124320097CD23 /* HistoryView.swift in Sources */ = {isa = PBXBuildFile; fileRef = 3353FC3F2F0124320097CD23 /* HistoryView.swift */; };
		3353FC622F0124320097CD23 /* FileOrganizerActionExtension.swift in Sources */ = {isa = PBXBuildFile; fileRef = 3353FC272F0124320097CD23 /* FileOrganizerActionExtension.swift */; };
		3353FC632F0124320097CD23 /* FileOrganizerApp.swift in Sources */ = {isa = PBXBuildFile; fileRef = 3353FC452F0124320097CD23 /* FileOrganizerApp.swift */; };
		3353FC642F0124320097CD23 /* SystemPrompt.swift in Sources */ = {isa = PBXBuildFile; fileRef = 3353FC212F0124320097CD23 /* SystemPrompt.swift */; };
		3353FC652F0124320097CD23 /* PreviewManager.swift in Sources */ = {isa = PBXBuildFile; fileRef = 3353FC322F0124320097CD23 /* PreviewManager.swift */; };
		3353FC662F0124320097CD23 /* ContentView.swift in Sources */ = {isa = PBXBuildFile; fileRef = 3353FC3C2F0124320097CD23 /* ContentView.swift */; };
		3353FC672F0124320097CD23 /* DirectorySelectionView.swift in Sources */ = {isa = PBXBuildFile; fileRef = 3353FC3D2F0124320097CD23 /* DirectorySelectionView.swift */; };
		3353FC682F0124320097CD23 /* PreviewView.swift in Sources */ = {isa = PBXBuildFile; fileRef = 3353FC422F0124320097CD23 /* PreviewView.swift */; };
		3353FC692F0124320097CD23 /* FileOrganizationValidator.swift in Sources */ = {isa = PBXBuildFile; fileRef = 3353FC302F0124320097CD23 /* FileOrganizationValidator.swift */; };
		3353FCC42F0124320097CD23 /* AppCoordinator.swift in Sources */ = {isa = PBXBuildFile; fileRef = 3353FCB02F0124320097CD23 /* AppCoordinator.swift */; };
		3353FCC52F0124320097CD23 /* ContentAnalyzer.swift in Sources */ = {isa = PBXBuildFile; fileRef = 3353FCB12F0124320097CD23 /* ContentAnalyzer.swift */; };
		3353FCC62F0124320097CD23 /* DuplicateDetector.swift in Sources */ = {isa = PBXBuildFile; fileRef = 3353FCB22F0124320097CD23 /* DuplicateDetector.swift */; };
		3353FCC72F0124320097CD23 /* FolderWatcher.swift in Sources */ = {isa = PBXBuildFile; fileRef = 3353FCB32F0124320097CD23 /* FolderWatcher.swift */; };
		3353FCC82F0124320097CD23 /* SemanticDuplicateDetector.swift in Sources */ = {isa = PBXBuildFile; fileRef = 3353FCB42F0124320097CD23 /* SemanticDuplicateDetector.swift */; };
		3353FCC92F0124320097CD23 /* VisionAnalyzer.swift in Sources */ = {isa = PBXBuildFile; fileRef = 3353FCB52F0124320097CD23 /* VisionAnalyzer.swift */; };
		3353FCCA2F0124320097CD23 /* OrganizationPersona.swift in Sources */ = {isa = PBXBuildFile; fileRef = 3353FCB62F0124320097CD23 /* OrganizationPersona.swift */; };
		3353FCCB2F0124320097CD23 /* WatchedFolder.swift in Sources */ = {isa = PBXBuildFile; fileRef = 3353FCB72F0124320097CD23 /* WatchedFolder.swift */; };
		3353FCCC2F0124320097CD23 /* WorkspaceHealth.swift in Sources */ = {isa = PBXBuildFile; fileRef = 3353FCB82F0124320097CD23 /* WorkspaceHealth.swift */; };
		3353FCCD2F0124320097CD23 /* ExtensionListener.swift in Sources */ = {isa = PBXBuildFile; fileRef = 3353FCB92F0124320097CD23 /* ExtensionListener.swift */; };
		3353FCCE2F0124320097CD23 /* AppCommands.swift in Sources */ = {isa = PBXBuildFile; fileRef = 3353FCBA2F0124320097CD23 /* AppCommands.swift */; };
		3353FCCF2F0124320097CD23 /* CanvasPreviewView.swift in Sources */ = {isa = PBXBuildFile; fileRef = 3353FCBB2F0124320097CD23 /* CanvasPreviewView.swift */; };
		3353FCD02F0124320097CD23 /* DuplicatesView.swift in Sources */ = {isa = PBXBuildFile; fileRef = 3353FCBC2F0124320097CD23 /* DuplicatesView.swift */; };
		3353FCD12F0124320097CD23 /* FileDropDelegate.swift in Sources */ = {isa = PBXBuildFile; fileRef = 3353FCBD2F0124320097CD23 /* FileDropDelegate.swift */; };
		3353FCD22F0124320097CD23 /* LiquidDropdown.swift in Sources */ = {isa = PBXBuildFile; fileRef = 3353FCBE2F0124320097CD23 /* LiquidDropdown.swift */; };
		3353FCD32F0124320097CD23 /* MenuBarDropZone.swift in Sources */ = {isa = PBXBuildFile; fileRef = 3353FCBF2F0124320097CD23 /* MenuBarDropZone.swift */; };
		3353FCD42F0124320097CD23 /* PersonaPickerView.swift in Sources */ = {isa = PBXBuildFile; fileRef = 3353FCC02F0124320097CD23 /* PersonaPickerView.swift */; };
		3353FCD52F0124320097CD23 /* TimelineView.swift in Sources */ = {isa = PBXBuildFile; fileRef = 3353FCC12F0124320097CD23 /* TimelineView.swift */; };
		3353FCD62F0124320097CD23 /* WatchedFoldersView.swift in Sources */ = {isa = PBXBuildFile; fileRef = 3353FCC22F0124320097CD23 /* WatchedFoldersView.swift */; };
		3353FCD72F0124320097CD23 /* WorkspaceHealthView.swift in Sources */ = {isa = PBXBuildFile; fileRef = 3353FCC32F0124320097CD23 /* WorkspaceHealthView.swift */; };
		33A128922F01230200A86470 /* AppUITests.swift in Sources */ = {isa = PBXBuildFile; fileRef = 33A128912F01230200A86470 /* AppUITests.swift */; };
/* End PBXBuildFile section */

/* Begin PBXContainerItemProxy section */
		33A128702F01230200A86470 /* PBXContainerItemProxy */ = {
			isa = PBXContainerItemProxy;
			containerPortal = 33A1285A2F01230000A86470 /* Project object */;
			proxyType = 1;
			remoteGlobalIDString = 33A128612F01230000A86470;
			remoteInfo = FileOrganiser;
		};
		33A1287A2F01230200A86470 /* PBXContainerItemProxy */ = {
			isa = PBXContainerItemProxy;
			containerPortal = 33A1285A2F01230000A86470 /* Project object */;
			proxyType = 1;
			remoteGlobalIDString = 33A128612F01230000A86470;
			remoteInfo = FileOrganiser;
		};
/* End PBXContainerItemProxy section */

/* Begin PBXFileReference section */
		2F7EE24F00684AD1BC0124C3 /* main.swift */ = {isa = PBXFileReference; lastKnownFileType = sourcecode.swift; path = main.swift; sourceTree = "<group>"; };
		0C803137980F429E8E946D30 /* LearningsHoningView.swift */ = {isa = PBXFileReference; lastKnownFileType = sourcecode.swift; path = LearningsHoningView.swift; sourceTree = "<group>"; };
		A5A81E48B6924B669F4A879F /* DuplicateSettingsView.swift */ = {isa = PBXFileReference; lastKnownFileType = sourcecode.swift; path = DuplicateSettingsView.swift; sourceTree = "<group>"; };
		9AD0E58548934B6E962C2293 /* HelpView.swift */ = {isa = PBXFileReference; lastKnownFileType = sourcecode.swift; path = HelpView.swift; sourceTree = "<group>"; };
		981E7344DFEC4943BA212BED /* LearningsView.swift */ = {isa = PBXFileReference; lastKnownFileType = sourcecode.swift; path = LearningsView.swift; sourceTree = "<group>"; };
		2CB0D86DE50E4D9CBC5C5ECF /* WorkspaceHealthSettingsView.swift */ = {isa = PBXFileReference; lastKnownFileType = sourcecode.swift; path = WorkspaceHealthSettingsView.swift; sourceTree = "<group>"; };
		DD45CA7DAA5F44C7A079DB75 /* PersonaGeneratorView.swift */ = {isa = PBXFileReference; lastKnownFileType = sourcecode.swift; path = PersonaGeneratorView.swift; sourceTree = "<group>"; };
		5062580BD1774F0F962F59AB /* PersonaEditorView.swift */ = {isa = PBXFileReference; lastKnownFileType = sourcecode.swift; path = PersonaEditorView.swift; sourceTree = "<group>"; };
		184F7C8F139045209C236DEF /* AboutView.swift */ = {isa = PBXFileReference; lastKnownFileType = sourcecode.swift; path = AboutView.swift; sourceTree = "<group>"; };
		CC10DBA81E6B4008B54F0753 /* PersonaHoning.swift */ = {isa = PBXFileReference; lastKnownFileType = sourcecode.swift; path = PersonaHoning.swift; sourceTree = "<group>"; };
		9C8F13C6A8A94E8E8A9CA15F /* PersonaGenerator.swift */ = {isa = PBXFileReference; lastKnownFileType = sourcecode.swift; path = PersonaGenerator.swift; sourceTree = "<group>"; };
		013C0B2ACB544367B1D15939 /* LearningsManager.swift */ = {isa = PBXFileReference; lastKnownFileType = sourcecode.swift; path = LearningsManager.swift; sourceTree = "<group>"; };
		884D9885364848D980496707 /* LearningsModels.swift */ = {isa = PBXFileReference; lastKnownFileType = sourcecode.swift; path = LearningsModels.swift; sourceTree = "<group>"; };
		47870FA6EF8C4D89A960A570 /* LLMRuleInducer.swift */ = {isa = PBXFileReference; lastKnownFileType = sourcecode.swift; path = LLMRuleInducer.swift; sourceTree = "<group>"; };
		D432637FC00D448EB39EF9B9 /* LearningsProfile.swift */ = {isa = PBXFileReference; lastKnownFileType = sourcecode.swift; path = LearningsProfile.swift; sourceTree = "<group>"; };
		7D137B803768405893B39520 /* LearningsConsentManager.swift */ = {isa = PBXFileReference; lastKnownFileType = sourcecode.swift; path = LearningsConsentManager.swift; sourceTree = "<group>"; };
		55984B92E4214A4C8D008A7C /* RuleInducer.swift */ = {isa = PBXFileReference; lastKnownFileType = sourcecode.swift; path = RuleInducer.swift; sourceTree = "<group>"; };
		31E36B4FA59346F393528A49 /* LearningsHoningEngine.swift */ = {isa = PBXFileReference; lastKnownFileType = sourcecode.swift; path = LearningsHoningEngine.swift; sourceTree = "<group>"; };
		1813B822AD484B13A22DC5E2 /* ContinuousLearningObserver.swift */ = {isa = PBXFileReference; lastKnownFileType = sourcecode.swift; path = ContinuousLearningObserver.swift; sourceTree = "<group>"; };
		048494702C94478CA4F45671 /* PatternMatcher.swift */ = {isa = PBXFileReference; lastKnownFileType = sourcecode.swift; path = PatternMatcher.swift; sourceTree = "<group>"; };
		DDFD17C04F03490991995D66 /* LearningsFileManager.swift */ = {isa = PBXFileReference; lastKnownFileType = sourcecode.swift; path = LearningsFileManager.swift; sourceTree = "<group>"; };
		C42902EEA5C445E4AE788CC8 /* LearningsAnalyzer.swift */ = {isa = PBXFileReference; lastKnownFileType = sourcecode.swift; path = LearningsAnalyzer.swift; sourceTree = "<group>"; };
		A16512BA43584CED96CBA3B6 /* SecurityManager.swift */ = {isa = PBXFileReference; lastKnownFileType = sourcecode.swift; path = SecurityManager.swift; sourceTree = "<group>"; };
		C11B0BE9C6014659B48C3487 /* DeeplinkHandler.swift */ = {isa = PBXFileReference; lastKnownFileType = sourcecode.swift; path = DeeplinkHandler.swift; sourceTree = "<group>"; };
		13D819A55F7A41718667A095 /* BuildInfo.swift */ = {isa = PBXFileReference; lastKnownFileType = sourcecode.swift; path = BuildInfo.swift; sourceTree = "<group>"; };
		BC308D14346345408E8CF27D /* DuplicateSettings.swift */ = {isa = PBXFileReference; lastKnownFileType = sourcecode.swift; path = DuplicateSettings.swift; sourceTree = "<group>"; };
		33007BB82F09093D000207CB /* CustomPersona.swift */ = {isa = PBXFileReference; lastKnownFileType = sourcecode.swift; path = CustomPersona.swift; sourceTree = "<group>"; };
		3353FC1B2F0124320097CD23 /* AIClientFactory.swift */ = {isa = PBXFileReference; lastKnownFileType = sourcecode.swift; path = AIClientFactory.swift; sourceTree = "<group>"; };
		3353FC1C2F0124320097CD23 /* AIClientProtocol.swift */ = {isa = PBXFileReference; lastKnownFileType = sourcecode.swift; path = AIClientProtocol.swift; sourceTree = "<group>"; };
		3353FC1D2F0124320097CD23 /* AppleFoundationModelClient.swift */ = {isa = PBXFileReference; lastKnownFileType = sourcecode.swift; path = AppleFoundationModelClient.swift; sourceTree = "<group>"; };
		3353FC1E2F0124320097CD23 /* OpenAIClient.swift */ = {isa = PBXFileReference; lastKnownFileType = sourcecode.swift; path = OpenAIClient.swift; sourceTree = "<group>"; };
		3353FC1F2F0124320097CD23 /* PromptBuilder.swift */ = {isa = PBXFileReference; lastKnownFileType = sourcecode.swift; path = PromptBuilder.swift; sourceTree = "<group>"; };
		3353FC202F0124320097CD23 /* ResponseParser.swift */ = {isa = PBXFileReference; lastKnownFileType = sourcecode.swift; path = ResponseParser.swift; sourceTree = "<group>"; };
		3353FC212F0124320097CD23 /* SystemPrompt.swift */ = {isa = PBXFileReference; lastKnownFileType = sourcecode.swift; path = SystemPrompt.swift; sourceTree = "<group>"; };
		3353FC232F0124320097CD23 /* DirectoryScanner.swift */ = {isa = PBXFileReference; lastKnownFileType = sourcecode.swift; path = DirectoryScanner.swift; sourceTree = "<group>"; };
		3353FC242F0124320097CD23 /* FileSystemManager.swift */ = {isa = PBXFileReference; lastKnownFileType = sourcecode.swift; path = FileSystemManager.swift; sourceTree = "<group>"; };
		3353FC262F0124320097CD23 /* ExtensionCommunication.swift */ = {isa = PBXFileReference; lastKnownFileType = sourcecode.swift; path = ExtensionCommunication.swift; sourceTree = "<group>"; };
		3353FC272F0124320097CD23 /* FileOrganizerActionExtension.swift */ = {isa = PBXFileReference; lastKnownFileType = sourcecode.swift; path = FileOrganizerActionExtension.swift; sourceTree = "<group>"; };
		3353FC292F0124320097CD23 /* AIConfig.swift */ = {isa = PBXFileReference; lastKnownFileType = sourcecode.swift; path = AIConfig.swift; sourceTree = "<group>"; };
		3353FC2A2F0124320097CD23 /* ExclusionRule.swift */ = {isa = PBXFileReference; lastKnownFileType = sourcecode.swift; path = ExclusionRule.swift; sourceTree = "<group>"; };
		3353FC2B2F0124320097CD23 /* FileItem.swift */ = {isa = PBXFileReference; lastKnownFileType = sourcecode.swift; path = FileItem.swift; sourceTree = "<group>"; };
		3353FC2C2F0124320097CD23 /* FolderSuggestion.swift */ = {isa = PBXFileReference; lastKnownFileType = sourcecode.swift; path = FolderSuggestion.swift; sourceTree = "<group>"; };
		3353FC2D2F0124320097CD23 /* OrganizationHistory.swift */ = {isa = PBXFileReference; lastKnownFileType = sourcecode.swift; path = OrganizationHistory.swift; sourceTree = "<group>"; };
		3353FC2E2F0124320097CD23 /* OrganizationPlan.swift */ = {isa = PBXFileReference; lastKnownFileType = sourcecode.swift; path = OrganizationPlan.swift; sourceTree = "<group>"; };
		3353FC302F0124320097CD23 /* FileOrganizationValidator.swift */ = {isa = PBXFileReference; lastKnownFileType = sourcecode.swift; path = FileOrganizationValidator.swift; sourceTree = "<group>"; };
		3353FC312F0124320097CD23 /* FolderOrganizer.swift */ = {isa = PBXFileReference; lastKnownFileType = sourcecode.swift; path = FolderOrganizer.swift; sourceTree = "<group>"; };
		3353FC322F0124320097CD23 /* PreviewManager.swift */ = {isa = PBXFileReference; lastKnownFileType = sourcecode.swift; path = PreviewManager.swift; sourceTree = "<group>"; };
		3353FC342F0124320097CD23 /* Constants.swift */ = {isa = PBXFileReference; lastKnownFileType = sourcecode.swift; path = Constants.swift; sourceTree = "<group>"; };
		3353FC352F0124320097CD23 /* DebugLogger.swift */ = {isa = PBXFileReference; lastKnownFileType = sourcecode.swift; path = DebugLogger.swift; sourceTree = "<group>"; };
		3353FC362F0124320097CD23 /* Extensions.swift */ = {isa = PBXFileReference; lastKnownFileType = sourcecode.swift; path = Extensions.swift; sourceTree = "<group>"; };
		3353FC372F0124320097CD23 /* KeychainManager.swift */ = {isa = PBXFileReference; lastKnownFileType = sourcecode.swift; path = KeychainManager.swift; sourceTree = "<group>"; };
		3353FC392F0124320097CD23 /* SettingsViewModel.swift */ = {isa = PBXFileReference; lastKnownFileType = sourcecode.swift; path = SettingsViewModel.swift; sourceTree = "<group>"; };
		3353FC3B2F0124320097CD23 /* AnalysisView.swift */ = {isa = PBXFileReference; lastKnownFileType = sourcecode.swift; path = AnalysisView.swift; sourceTree = "<group>"; };
		3353FC3C2F0124320097CD23 /* ContentView.swift */ = {isa = PBXFileReference; lastKnownFileType = sourcecode.swift; path = ContentView.swift; sourceTree = "<group>"; };
		3353FC3D2F0124320097CD23 /* DirectorySelectionView.swift */ = {isa = PBXFileReference; lastKnownFileType = sourcecode.swift; path = DirectorySelectionView.swift; sourceTree = "<group>"; };
		3353FC3E2F0124320097CD23 /* ExclusionRulesView.swift */ = {isa = PBXFileReference; lastKnownFileType = sourcecode.swift; path = ExclusionRulesView.swift; sourceTree = "<group>"; };
		3353FC3F2F0124320097CD23 /* HistoryView.swift */ = {isa = PBXFileReference; lastKnownFileType = sourcecode.swift; path = HistoryView.swift; sourceTree = "<group>"; };
		3353FC402F0124320097CD23 /* OrganizationResultView.swift */ = {isa = PBXFileReference; lastKnownFileType = sourcecode.swift; path = OrganizationResultView.swift; sourceTree = "<group>"; };
		3353FC412F0124320097CD23 /* OrganizeView.swift */ = {isa = PBXFileReference; lastKnownFileType = sourcecode.swift; path = OrganizeView.swift; sourceTree = "<group>"; };
		3353FC422F0124320097CD23 /* PreviewView.swift */ = {isa = PBXFileReference; lastKnownFileType = sourcecode.swift; path = PreviewView.swift; sourceTree = "<group>"; };
		3353FC432F0124320097CD23 /* SettingsView.swift */ = {isa = PBXFileReference; lastKnownFileType = sourcecode.swift; path = SettingsView.swift; sourceTree = "<group>"; };
		3353FC452F0124320097CD23 /* FileOrganizerApp.swift */ = {isa = PBXFileReference; lastKnownFileType = sourcecode.swift; path = Sources/FileOrganizerApp/FileOrganizerApp.swift; sourceTree = "<group>"; };
		3353FCB02F0124320097CD23 /* AppCoordinator.swift */ = {isa = PBXFileReference; lastKnownFileType = sourcecode.swift; path = Sources/FileOrganizerApp/AppCoordinator.swift; sourceTree = "<group>"; };
		3353FCB12F0124320097CD23 /* ContentAnalyzer.swift */ = {isa = PBXFileReference; lastKnownFileType = sourcecode.swift; path = ContentAnalyzer.swift; sourceTree = "<group>"; };
		3353FCB22F0124320097CD23 /* DuplicateDetector.swift */ = {isa = PBXFileReference; lastKnownFileType = sourcecode.swift; path = DuplicateDetector.swift; sourceTree = "<group>"; };
		3353FCB32F0124320097CD23 /* FolderWatcher.swift */ = {isa = PBXFileReference; lastKnownFileType = sourcecode.swift; path = FolderWatcher.swift; sourceTree = "<group>"; };
		3353FCB42F0124320097CD23 /* SemanticDuplicateDetector.swift */ = {isa = PBXFileReference; lastKnownFileType = sourcecode.swift; path = SemanticDuplicateDetector.swift; sourceTree = "<group>"; };
		3353FCB52F0124320097CD23 /* VisionAnalyzer.swift */ = {isa = PBXFileReference; lastKnownFileType = sourcecode.swift; path = VisionAnalyzer.swift; sourceTree = "<group>"; };
		3353FCB62F0124320097CD23 /* OrganizationPersona.swift */ = {isa = PBXFileReference; lastKnownFileType = sourcecode.swift; path = OrganizationPersona.swift; sourceTree = "<group>"; };
		3353FCB72F0124320097CD23 /* WatchedFolder.swift */ = {isa = PBXFileReference; lastKnownFileType = sourcecode.swift; path = WatchedFolder.swift; sourceTree = "<group>"; };
		3353FCB82F0124320097CD23 /* WorkspaceHealth.swift */ = {isa = PBXFileReference; lastKnownFileType = sourcecode.swift; path = WorkspaceHealth.swift; sourceTree = "<group>"; };
		3353FCB92F0124320097CD23 /* ExtensionListener.swift */ = {isa = PBXFileReference; lastKnownFileType = sourcecode.swift; path = ExtensionListener.swift; sourceTree = "<group>"; };
		3353FCBA2F0124320097CD23 /* AppCommands.swift */ = {isa = PBXFileReference; lastKnownFileType = sourcecode.swift; path = AppCommands.swift; sourceTree = "<group>"; };
		3353FCBB2F0124320097CD23 /* CanvasPreviewView.swift */ = {isa = PBXFileReference; lastKnownFileType = sourcecode.swift; path = CanvasPreviewView.swift; sourceTree = "<group>"; };
		3353FCBC2F0124320097CD23 /* DuplicatesView.swift */ = {isa = PBXFileReference; lastKnownFileType = sourcecode.swift; path = DuplicatesView.swift; sourceTree = "<group>"; };
		3353FCBD2F0124320097CD23 /* FileDropDelegate.swift */ = {isa = PBXFileReference; lastKnownFileType = sourcecode.swift; path = FileDropDelegate.swift; sourceTree = "<group>"; };
		3353FCBE2F0124320097CD23 /* LiquidDropdown.swift */ = {isa = PBXFileReference; lastKnownFileType = sourcecode.swift; path = LiquidDropdown.swift; sourceTree = "<group>"; };
		3353FCBF2F0124320097CD23 /* MenuBarDropZone.swift */ = {isa = PBXFileReference; lastKnownFileType = sourcecode.swift; path = MenuBarDropZone.swift; sourceTree = "<group>"; };
		3353FCC02F0124320097CD23 /* PersonaPickerView.swift */ = {isa = PBXFileReference; lastKnownFileType = sourcecode.swift; path = PersonaPickerView.swift; sourceTree = "<group>"; };
		3353FCC12F0124320097CD23 /* TimelineView.swift */ = {isa = PBXFileReference; lastKnownFileType = sourcecode.swift; path = TimelineView.swift; sourceTree = "<group>"; };
		3353FCC22F0124320097CD23 /* WatchedFoldersView.swift */ = {isa = PBXFileReference; lastKnownFileType = sourcecode.swift; path = WatchedFoldersView.swift; sourceTree = "<group>"; };
		3353FCC32F0124320097CD23 /* WorkspaceHealthView.swift */ = {isa = PBXFileReference; lastKnownFileType = sourcecode.swift; path = WorkspaceHealthView.swift; sourceTree = "<group>"; };
		33A128622F01230000A86470 /* FileOrganiser.app */ = {isa = PBXFileReference; explicitFileType = wrapper.application; includeInIndex = 0; path = FileOrganiser.app; sourceTree = BUILT_PRODUCTS_DIR; };
		33A1286F2F01230200A86470 /* FileOrganiserTests.xctest */ = {isa = PBXFileReference; explicitFileType = wrapper.cfbundle; includeInIndex = 0; path = FileOrganiserTests.xctest; sourceTree = BUILT_PRODUCTS_DIR; };
		33A128792F01230200A86470 /* FileOrganiserUITests.xctest */ = {isa = PBXFileReference; explicitFileType = wrapper.cfbundle; includeInIndex = 0; path = FileOrganiserUITests.xctest; sourceTree = BUILT_PRODUCTS_DIR; };
		33A128912F01230200A86470 /* AppUITests.swift */ = {isa = PBXFileReference; lastKnownFileType = sourcecode.swift; path = AppUITests.swift; sourceTree = "<group>"; };
/* End PBXFileReference section */

/* Begin PBXFrameworksBuildPhase section */
		33A1285F2F01230000A86470 /* Frameworks */ = {
			isa = PBXFrameworksBuildPhase;
			buildActionMask = 2147483647;
			files = (
			);
			runOnlyForDeploymentPostprocessing = 0;
		};
		33A1286C2F01230200A86470 /* Frameworks */ = {
			isa = PBXFrameworksBuildPhase;
			buildActionMask = 2147483647;
			files = (
			);
			runOnlyForDeploymentPostprocessing = 0;
		};
		33A128762F01230200A86470 /* Frameworks */ = {
			isa = PBXFrameworksBuildPhase;
			buildActionMask = 2147483647;
			files = (
			);
			runOnlyForDeploymentPostprocessing = 0;
		};
/* End PBXFrameworksBuildPhase section */

/* Begin PBXGroup section */

		141AC570FAC743F08B8A7DD4 /* Learnings */ = {
			isa = PBXGroup;
			children = (
				2F7EE24F00684AD1BC0124C3 /* main.swift */,
				013C0B2ACB544367B1D15939 /* LearningsManager.swift */,
				884D9885364848D980496707 /* LearningsModels.swift */,
				47870FA6EF8C4D89A960A570 /* LLMRuleInducer.swift */,
				D432637FC00D448EB39EF9B9 /* LearningsProfile.swift */,
				7D137B803768405893B39520 /* LearningsConsentManager.swift */,
				55984B92E4214A4C8D008A7C /* RuleInducer.swift */,
				31E36B4FA59346F393528A49 /* LearningsHoningEngine.swift */,
				1813B822AD484B13A22DC5E2 /* ContinuousLearningObserver.swift */,
				048494702C94478CA4F45671 /* PatternMatcher.swift */,
				DDFD17C04F03490991995D66 /* LearningsFileManager.swift */,
				C42902EEA5C445E4AE788CC8 /* LearningsAnalyzer.swift */,
			);
			path = Sources/FileOrganizerLib/Learnings;
			sourceTree = "<group>";
		};
		3353FC222F0124320097CD23 /* AI */ = {
			isa = PBXGroup;
			children = (
				CC10DBA81E6B4008B54F0753 /* PersonaHoning.swift */,
				9C8F13C6A8A94E8E8A9CA15F /* PersonaGenerator.swift */,
				3353FC1B2F0124320097CD23 /* AIClientFactory.swift */,
				3353FC1C2F0124320097CD23 /* AIClientProtocol.swift */,
				3353FC1D2F0124320097CD23 /* AppleFoundationModelClient.swift */,
				3353FC1E2F0124320097CD23 /* OpenAIClient.swift */,
				3353FC1F2F0124320097CD23 /* PromptBuilder.swift */,
				3353FC202F0124320097CD23 /* ResponseParser.swift */,
				3353FC212F0124320097CD23 /* SystemPrompt.swift */,
			);
			path = Sources/FileOrganizerLib/AI;
			sourceTree = "<group>";
		};
		3353FC252F0124320097CD23 /* FileSystem */ = {
			isa = PBXGroup;
			children = (
				3353FCB12F0124320097CD23 /* ContentAnalyzer.swift */,
				3353FC232F0124320097CD23 /* DirectoryScanner.swift */,
				3353FCB22F0124320097CD23 /* DuplicateDetector.swift */,
				3353FC242F0124320097CD23 /* FileSystemManager.swift */,
				3353FCB32F0124320097CD23 /* FolderWatcher.swift */,
				3353FCB42F0124320097CD23 /* SemanticDuplicateDetector.swift */,
				3353FCB52F0124320097CD23 /* VisionAnalyzer.swift */,
			);
			path = Sources/FileOrganizerLib/FileSystem;
			sourceTree = "<group>";
		};
		3353FC282F0124320097CD23 /* FinderExtension */ = {
			isa = PBXGroup;
			children = (
				3353FC262F0124320097CD23 /* ExtensionCommunication.swift */,
				3353FC272F0124320097CD23 /* FileOrganizerActionExtension.swift */,
			);
			path = Sources/FileOrganizerLib/FinderExtension;
			sourceTree = "<group>";
		};
		3353FC2F2F0124320097CD23 /* Models */ = {
			isa = PBXGroup;
			children = (
				BC308D14346345408E8CF27D /* DuplicateSettings.swift */,
				3353FC292F0124320097CD23 /* AIConfig.swift */,
				3353FC2A2F0124320097CD23 /* ExclusionRule.swift */,
				3353FC2B2F0124320097CD23 /* FileItem.swift */,
				3353FC2C2F0124320097CD23 /* FolderSuggestion.swift */,
				3353FC2D2F0124320097CD23 /* OrganizationHistory.swift */,
				3353FCB62F0124320097CD23 /* OrganizationPersona.swift */,
				3353FC2E2F0124320097CD23 /* OrganizationPlan.swift */,
				3353FCB72F0124320097CD23 /* WatchedFolder.swift */,
				3353FCB82F0124320097CD23 /* WorkspaceHealth.swift */,
				33007BB82F09093D000207CB /* CustomPersona.swift */,
			);
			path = Sources/FileOrganizerLib/Models;
			sourceTree = "<group>";
		};
		3353FC332F0124320097CD23 /* Organizer */ = {
			isa = PBXGroup;
			children = (
				3353FC302F0124320097CD23 /* FileOrganizationValidator.swift */,
				3353FC312F0124320097CD23 /* FolderOrganizer.swift */,
				3353FC322F0124320097CD23 /* PreviewManager.swift */,
			);
			path = Sources/FileOrganizerLib/Organizer;
			sourceTree = "<group>";
		};
		3353FC382F0124320097CD23 /* Utilities */ = {
			isa = PBXGroup;
			children = (
				A16512BA43584CED96CBA3B6 /* SecurityManager.swift */,
				C11B0BE9C6014659B48C3487 /* DeeplinkHandler.swift */,
				13D819A55F7A41718667A095 /* BuildInfo.swift */,
				3353FC342F0124320097CD23 /* Constants.swift */,
				3353FC352F0124320097CD23 /* DebugLogger.swift */,
				3353FCB92F0124320097CD23 /* ExtensionListener.swift */,
				3353FC362F0124320097CD23 /* Extensions.swift */,
				3353FC372F0124320097CD23 /* KeychainManager.swift */,
			);
			path = Sources/FileOrganizerLib/Utilities;
			sourceTree = "<group>";
		};
		3353FC3A2F0124320097CD23 /* ViewModels */ = {
			isa = PBXGroup;
			children = (
				3353FC392F0124320097CD23 /* SettingsViewModel.swift */,
			);
			path = Sources/FileOrganizerLib/ViewModels;
			sourceTree = "<group>";
		};
		3353FC442F0124320097CD23 /* Views */ = {
			isa = PBXGroup;
			children = (
				0C803137980F429E8E946D30 /* LearningsHoningView.swift */,
				A5A81E48B6924B669F4A879F /* DuplicateSettingsView.swift */,
				9AD0E58548934B6E962C2293 /* HelpView.swift */,
				981E7344DFEC4943BA212BED /* LearningsView.swift */,
				2CB0D86DE50E4D9CBC5C5ECF /* WorkspaceHealthSettingsView.swift */,
				DD45CA7DAA5F44C7A079DB75 /* PersonaGeneratorView.swift */,
				5062580BD1774F0F962F59AB /* PersonaEditorView.swift */,
				184F7C8F139045209C236DEF /* AboutView.swift */,
				3353FC3B2F0124320097CD23 /* AnalysisView.swift */,
				3353FCBA2F0124320097CD23 /* AppCommands.swift */,
				3353FCBB2F0124320097CD23 /* CanvasPreviewView.swift */,
				3353FC3C2F0124320097CD23 /* ContentView.swift */,
				3353FC3D2F0124320097CD23 /* DirectorySelectionView.swift */,
				3353FCBC2F0124320097CD23 /* DuplicatesView.swift */,
				3353FC3E2F0124320097CD23 /* ExclusionRulesView.swift */,
				3353FCBD2F0124320097CD23 /* FileDropDelegate.swift */,
				3353FC3F2F0124320097CD23 /* HistoryView.swift */,
				3353FCBE2F0124320097CD23 /* LiquidDropdown.swift */,
				3353FCBF2F0124320097CD23 /* MenuBarDropZone.swift */,
				3353FC402F0124320097CD23 /* OrganizationResultView.swift */,
				3353FC412F0124320097CD23 /* OrganizeView.swift */,
				3353FCC02F0124320097CD23 /* PersonaPickerView.swift */,
				3353FC422F0124320097CD23 /* PreviewView.swift */,
				3353FC432F0124320097CD23 /* SettingsView.swift */,
				3353FCC12F0124320097CD23 /* TimelineView.swift */,
				3353FCC22F0124320097CD23 /* WatchedFoldersView.swift */,
				3353FCC32F0124320097CD23 /* WorkspaceHealthView.swift */,
			);
			path = Sources/FileOrganizerLib/Views;
			sourceTree = "<group>";
		};
		3353FC462F0124320097CD23 = {
			isa = PBXGroup;
			children = (
				141AC570FAC743F08B8A7DD4 /* Learnings */,
				3353FC222F0124320097CD23 /* AI */,
				3353FC252F0124320097CD23 /* FileSystem */,
				3353FC282F0124320097CD23 /* FinderExtension */,
				3353FC2F2F0124320097CD23 /* Models */,
				3353FC332F0124320097CD23 /* Organizer */,
				3353FC382F0124320097CD23 /* Utilities */,
				3353FC3A2F0124320097CD23 /* ViewModels */,
				3353FC442F0124320097CD23 /* Views */,
				3353FCB02F0124320097CD23 /* AppCoordinator.swift */,
				3353FC452F0124320097CD23 /* FileOrganizerApp.swift */,
			);
			sourceTree = "<group>";
		};
		33A128592F01230000A86470 = {
			isa = PBXGroup;
			children = (
				3353FC462F0124320097CD23,
				33A128902F01230200A86470 /* FileOrganiserUITests */,
				33A128632F01230000A86470 /* Products */,
			);
			sourceTree = "<group>";
		};
		33A128632F01230000A86470 /* Products */ = {
			isa = PBXGroup;
			children = (
				33A128622F01230000A86470 /* FileOrganiser.app */,
				33A1286F2F01230200A86470 /* FileOrganiserTests.xctest */,
				33A128792F01230200A86470 /* FileOrganiserUITests.xctest */,
			);
			name = Products;
			sourceTree = "<group>";
		};
		33A128902F01230200A86470 /* FileOrganiserUITests */ = {
			isa = PBXGroup;
			children = (
				33A128912F01230200A86470 /* AppUITests.swift */,
			);
			path = Tests/FileOrganizerUITests;
			sourceTree = "<group>";
		};
/* End PBXGroup section */

/* Begin PBXNativeTarget section */
		33A128612F01230000A86470 /* FileOrganiser */ = {
			isa = PBXNativeTarget;
			buildConfigurationList = 33A128832F01230200A86470 /* Build configuration list for PBXNativeTarget "FileOrganiser" */;
			buildPhases = (
				33A1285E2F01230000A86470 /* Sources */,
				33A1285F2F01230000A86470 /* Frameworks */,
				33A128602F01230000A86470 /* Resources */,
			);
			buildRules = (
			);
			dependencies = (
			);
			name = FileOrganiser;
			packageProductDependencies = (
			);
			productName = FileOrganiser;
			productReference = 33A128622F01230000A86470 /* FileOrganiser.app */;
			productType = "com.apple.product-type.application";
		};
		33A1286E2F01230200A86470 /* FileOrganiserTests */ = {
			isa = PBXNativeTarget;
			buildConfigurationList = 33A128862F01230200A86470 /* Build configuration list for PBXNativeTarget "FileOrganiserTests" */;
			buildPhases = (
				33A1286B2F01230200A86470 /* Sources */,
				33A1286C2F01230200A86470 /* Frameworks */,
				33A1286D2F01230200A86470 /* Resources */,
			);
			buildRules = (
			);
			dependencies = (
				33A128712F01230200A86470 /* PBXTargetDependency */,
			);
			name = FileOrganiserTests;
			packageProductDependencies = (
			);
			productName = FileOrganiserTests;
			productReference = 33A1286F2F01230200A86470 /* FileOrganiserTests.xctest */;
			productType = "com.apple.product-type.bundle.unit-test";
		};
		33A128782F01230200A86470 /* FileOrganiserUITests */ = {
			isa = PBXNativeTarget;
			buildConfigurationList = 33A128892F01230200A86470 /* Build configuration list for PBXNativeTarget "FileOrganiserUITests" */;
			buildPhases = (
				33A128752F01230200A86470 /* Sources */,
				33A128762F01230200A86470 /* Frameworks */,
				33A128772F01230200A86470 /* Resources */,
			);
			buildRules = (
			);
			dependencies = (
				33A1287B2F01230200A86470 /* PBXTargetDependency */,
			);
			name = FileOrganiserUITests;
			packageProductDependencies = (
			);
			productName = FileOrganiserUITests;
			productReference = 33A128792F01230200A86470 /* FileOrganiserUITests.xctest */;
			productType = "com.apple.product-type.bundle.ui-testing";
		};
/* End PBXNativeTarget section */

/* Begin PBXProject section */
		33A1285A2F01230000A86470 /* Project object */ = {
			isa = PBXProject;
			attributes = {
				BuildIndependentTargetsInParallel = 1;
				LastSwiftUpdateCheck = 2620;
				LastUpgradeCheck = 2620;
				TargetAttributes = {
					33A128612F01230000A86470 = {
						CreatedOnToolsVersion = 26.2;
					};
					33A1286E2F01230200A86470 = {
						CreatedOnToolsVersion = 26.2;
						TestTargetID = 33A128612F01230000A86470;
					};
					33A128782F01230200A86470 = {
						CreatedOnToolsVersion = 26.2;
						TestTargetID = 33A128612F01230000A86470;
					};
				};
			};
			buildConfigurationList = 33A1285D2F01230000A86470 /* Build configuration list for PBXProject "FileOrganiser" */;
			developmentRegion = en;
			hasScannedForEncodings = 0;
			knownRegions = (
				en,
				Base,
			);
			mainGroup = 33A128592F01230000A86470;
			minimizedProjectReferenceProxies = 1;
			preferredProjectObjectVersion = 77;
			productRefGroup = 33A128632F01230000A86470 /* Products */;
			projectDirPath = "";
			projectRoot = "";
			targets = (
				33A128612F01230000A86470 /* FileOrganiser */,
				33A1286E2F01230200A86470 /* FileOrganiserTests */,
				33A128782F01230200A86470 /* FileOrganiserUITests */,
			);
		};
/* End PBXProject section */

/* Begin PBXResourcesBuildPhase section */
		33A128602F01230000A86470 /* Resources */ = {
			isa = PBXResourcesBuildPhase;
			buildActionMask = 2147483647;
			files = (
			);
			runOnlyForDeploymentPostprocessing = 0;
		};
		33A1286D2F01230200A86470 /* Resources */ = {
			isa = PBXResourcesBuildPhase;
			buildActionMask = 2147483647;
			files = (
			);
			runOnlyForDeploymentPostprocessing = 0;
		};
		33A128772F01230200A86470 /* Resources */ = {
			isa = PBXResourcesBuildPhase;
			buildActionMask = 2147483647;
			files = (
			);
			runOnlyForDeploymentPostprocessing = 0;
		};
/* End PBXResourcesBuildPhase section */

/* Begin PBXSourcesBuildPhase section */
		33A1285E2F01230000A86470 /* Sources */ = {
			isa = PBXSourcesBuildPhase;
			buildActionMask = 2147483647;
			files = (
				5EF522556FCD42DFA4915F5E /* main.swift in Sources */,
				E1C18B1FCE6F4CDA919F06DF /* LearningsHoningView.swift in Sources */,
				9AB64201726C425D855C0797 /* DuplicateSettingsView.swift in Sources */,
				5B461775CCAE4523A380B07C /* HelpView.swift in Sources */,
				C836ED182D2842A2A579A019 /* LearningsView.swift in Sources */,
				BCB2827FDC414BD094AAAD11 /* WorkspaceHealthSettingsView.swift in Sources */,
				85137445BF444F6A88D754C4 /* PersonaGeneratorView.swift in Sources */,
				F6164663847540069EEB8A54 /* PersonaEditorView.swift in Sources */,
				94F6F33B4A704362BD91C1B7 /* AboutView.swift in Sources */,
				2C347B73946C4BE3A65A11B3 /* PersonaHoning.swift in Sources */,
				FD2674BB5DB344E6834A0020 /* PersonaGenerator.swift in Sources */,
				A41A850779B745DFB9493AB3 /* LearningsManager.swift in Sources */,
				27DF4666D2F74AE5B53CF3AD /* LearningsModels.swift in Sources */,
				365746FA957F49A88C99B2EE /* LLMRuleInducer.swift in Sources */,
				7ED95C0ED6B3404D91996F2F /* LearningsProfile.swift in Sources */,
				C636317AEB8C4833989D92A4 /* LearningsConsentManager.swift in Sources */,
				9A77E5C833114F39A922149C /* RuleInducer.swift in Sources */,
				2261A4BCD6C24D7DA5AB8321 /* LearningsHoningEngine.swift in Sources */,
				6EDC835F365B441598DF6063 /* ContinuousLearningObserver.swift in Sources */,
				27412A15DA6148F49ACD0BC6 /* PatternMatcher.swift in Sources */,
				B7175043EFC84B55BB376637 /* LearningsFileManager.swift in Sources */,
				08558CA9E8704012BEC16BB6 /* LearningsAnalyzer.swift in Sources */,
				601EC048635B48738F5F3CE2 /* SecurityManager.swift in Sources */,
				7989759D8FFD4445A5743204 /* DeeplinkHandler.swift in Sources */,
				3E649B82FFB640C391E43ACE /* BuildInfo.swift in Sources */,
				5FE8A8189833491A9349A25E /* DuplicateSettings.swift in Sources */,
				3353FC472F0124320097CD23 /* DirectoryScanner.swift in Sources */,
				3353FC482F0124320097CD23 /* ExclusionRulesView.swift in Sources */,
				3353FC492F0124320097CD23 /* DebugLogger.swift in Sources */,
				3353FC4A2F0124320097CD23 /* OrganizationPlan.swift in Sources */,
				3353FC4B2F0124320097CD23 /* FolderSuggestion.swift in Sources */,
				3353FC4C2F0124320097CD23 /* ResponseParser.swift in Sources */,
				3353FC4D2F0124320097CD23 /* FolderOrganizer.swift in Sources */,
				3353FC4E2F0124320097CD23 /* OrganizeView.swift in Sources */,
				3353FC4F2F0124320097CD23 /* SettingsView.swift in Sources */,
				3353FC502F0124320097CD23 /* AIConfig.swift in Sources */,
				3353FC512F0124320097CD23 /* Constants.swift in Sources */,
				3353FC522F0124320097CD23 /* KeychainManager.swift in Sources */,
				3353FC532F0124320097CD23 /* FileItem.swift in Sources */,
				3353FC542F0124320097CD23 /* AIClientFactory.swift in Sources */,
				3353FC552F0124320097CD23 /* SettingsViewModel.swift in Sources */,
				3353FC562F0124320097CD23 /* OrganizationHistory.swift in Sources */,
				3353FC572F0124320097CD23 /* ExtensionCommunication.swift in Sources */,
				3353FC582F0124320097CD23 /* PromptBuilder.swift in Sources */,
				3353FC592F0124320097CD23 /* FileSystemManager.swift in Sources */,
				3353FC5A2F0124320097CD23 /* OpenAIClient.swift in Sources */,
				3353FC5B2F0124320097CD23 /* AnalysisView.swift in Sources */,
				3353FC5C2F0124320097CD23 /* OrganizationResultView.swift in Sources */,
				3353FC5D2F0124320097CD23 /* AIClientProtocol.swift in Sources */,
				3353FC5E2F0124320097CD23 /* AppleFoundationModelClient.swift in Sources */,
				3353FC5F2F0124320097CD23 /* Extensions.swift in Sources */,
				3353FC602F0124320097CD23 /* ExclusionRule.swift in Sources */,
				3353FC612F0124320097CD23 /* HistoryView.swift in Sources */,
				3353FC622F0124320097CD23 /* FileOrganizerActionExtension.swift in Sources */,
				3353FC632F0124320097CD23 /* FileOrganizerApp.swift in Sources */,
				3353FC642F0124320097CD23 /* SystemPrompt.swift in Sources */,
				3353FC652F0124320097CD23 /* PreviewManager.swift in Sources */,
				3353FC662F0124320097CD23 /* ContentView.swift in Sources */,
				3353FC672F0124320097CD23 /* DirectorySelectionView.swift in Sources */,
				3353FC682F0124320097CD23 /* PreviewView.swift in Sources */,
				3353FC692F0124320097CD23 /* FileOrganizationValidator.swift in Sources */,
				3353FCC42F0124320097CD23 /* AppCoordinator.swift in Sources */,
				3353FCC52F0124320097CD23 /* ContentAnalyzer.swift in Sources */,
				3353FCC62F0124320097CD23 /* DuplicateDetector.swift in Sources */,
				3353FCC72F0124320097CD23 /* FolderWatcher.swift in Sources */,
				3353FCC82F0124320097CD23 /* SemanticDuplicateDetector.swift in Sources */,
				3353FCC92F0124320097CD23 /* VisionAnalyzer.swift in Sources */,
				33007BB92F09093D000207CB /* CustomPersona.swift in Sources */,
				3353FCCA2F0124320097CD23 /* OrganizationPersona.swift in Sources */,
				3353FCCB2F0124320097CD23 /* WatchedFolder.swift in Sources */,
				3353FCCC2F0124320097CD23 /* WorkspaceHealth.swift in Sources */,
				3353FCCD2F0124320097CD23 /* ExtensionListener.swift in Sources */,
				3353FCCE2F0124320097CD23 /* AppCommands.swift in Sources */,
				3353FCCF2F0124320097CD23 /* CanvasPreviewView.swift in Sources */,
				3353FCD02F0124320097CD23 /* DuplicatesView.swift in Sources */,
				3353FCD12F0124320097CD23 /* FileDropDelegate.swift in Sources */,
				3353FCD22F0124320097CD23 /* LiquidDropdown.swift in Sources */,
				3353FCD32F0124320097CD23 /* MenuBarDropZone.swift in Sources */,
				3353FCD42F0124320097CD23 /* PersonaPickerView.swift in Sources */,
				3353FCD52F0124320097CD23 /* TimelineView.swift in Sources */,
				3353FCD62F0124320097CD23 /* WatchedFoldersView.swift in Sources */,
				3353FCD72F0124320097CD23 /* WorkspaceHealthView.swift in Sources */,
			);
			runOnlyForDeploymentPostprocessing = 0;
		};
		33A1286B2F01230200A86470 /* Sources */ = {
			isa = PBXSourcesBuildPhase;
			buildActionMask = 2147483647;
			files = (
			);
			runOnlyForDeploymentPostprocessing = 0;
		};
		33A128752F01230200A86470 /* Sources */ = {
			isa = PBXSourcesBuildPhase;
			buildActionMask = 2147483647;
			files = (
				33A128922F01230200A86470 /* AppUITests.swift in Sources */,
			);
			runOnlyForDeploymentPostprocessing = 0;
		};
/* End PBXSourcesBuildPhase section */

/* Begin PBXTargetDependency section */
		33A128712F01230200A86470 /* PBXTargetDependency */ = {
			isa = PBXTargetDependency;
			target = 33A128612F01230000A86470 /* FileOrganiser */;
			targetProxy = 33A128702F01230200A86470 /* PBXContainerItemProxy */;
		};
		33A1287B2F01230200A86470 /* PBXTargetDependency */ = {
			isa = PBXTargetDependency;
			target = 33A128612F01230000A86470 /* FileOrganiser */;
			targetProxy = 33A1287A2F01230200A86470 /* PBXContainerItemProxy */;
		};
/* End PBXTargetDependency section */

/* Begin XCBuildConfiguration section */
		33A128812F01230200A86470 /* Debug */ = {
			isa = XCBuildConfiguration;
			buildSettings = {
				ALWAYS_SEARCH_USER_PATHS = NO;
				ASSETCATALOG_COMPILER_GENERATE_SWIFT_ASSET_SYMBOL_EXTENSIONS = YES;
				CLANG_ANALYZER_NONNULL = YES;
				CLANG_ANALYZER_NUMBER_OBJECT_CONVERSION = YES_AGGRESSIVE;
				CLANG_CXX_LANGUAGE_STANDARD = "gnu++20";
				CLANG_ENABLE_MODULES = YES;
				CLANG_ENABLE_OBJC_ARC = YES;
				CLANG_ENABLE_OBJC_WEAK = YES;
				CLANG_WARN_BLOCK_CAPTURE_AUTORELEASING = YES;
				CLANG_WARN_BOOL_CONVERSION = YES;
				CLANG_WARN_COMMA = YES;
				CLANG_WARN_CONSTANT_CONVERSION = YES;
				CLANG_WARN_DEPRECATED_OBJC_IMPLEMENTATIONS = YES;
				CLANG_WARN_DIRECT_OBJC_ISA_USAGE = YES_ERROR;
				CLANG_WARN_DOCUMENTATION_COMMENTS = YES;
				CLANG_WARN_EMPTY_BODY = YES;
				CLANG_WARN_ENUM_CONVERSION = YES;
				CLANG_WARN_INFINITE_RECURSION = YES;
				CLANG_WARN_INT_CONVERSION = YES;
				CLANG_WARN_NON_LITERAL_NULL_CONVERSION = YES;
				CLANG_WARN_OBJC_IMPLICIT_RETAIN_SELF = YES;
				CLANG_WARN_OBJC_LITERAL_CONVERSION = YES;
				CLANG_WARN_OBJC_ROOT_CLASS = YES_ERROR;
				CLANG_WARN_QUOTED_INCLUDE_IN_FRAMEWORK_HEADER = YES;
				CLANG_WARN_RANGE_LOOP_ANALYSIS = YES;
				CLANG_WARN_STRICT_PROTOTYPES = YES;
				CLANG_WARN_SUSPICIOUS_MOVE = YES;
				CLANG_WARN_UNGUARDED_AVAILABILITY = YES_AGGRESSIVE;
				CLANG_WARN_UNREACHABLE_CODE = YES;
				CLANG_WARN__DUPLICATE_METHOD_MATCH = YES;
				COPY_PHASE_STRIP = NO;
				DEBUG_INFORMATION_FORMAT = dwarf;
				ENABLE_STRICT_OBJC_MSGSEND = YES;
				ENABLE_TESTABILITY = YES;
				ENABLE_USER_SCRIPT_SANDBOXING = YES;
				GCC_C_LANGUAGE_STANDARD = gnu17;
				GCC_DYNAMIC_NO_PIC = NO;
				GCC_NO_COMMON_BLOCKS = YES;
				GCC_OPTIMIZATION_LEVEL = 0;
				GCC_PREPROCESSOR_DEFINITIONS = (
					"DEBUG=1",
					"$(inherited)",
				);
				GCC_WARN_64_TO_32_BIT_CONVERSION = YES;
				GCC_WARN_ABOUT_RETURN_TYPE = YES_ERROR;
				GCC_WARN_UNDECLARED_SELECTOR = YES;
				GCC_WARN_UNINITIALIZED_AUTOS = YES_AGGRESSIVE;
				GCC_WARN_UNUSED_FUNCTION = YES;
				GCC_WARN_UNUSED_VARIABLE = YES;
				LOCALIZATION_PREFERS_STRING_CATALOGS = YES;
				MTL_ENABLE_DEBUG_INFO = INCLUDE_SOURCE;
				MTL_FAST_MATH = YES;
				ONLY_ACTIVE_ARCH = YES;
				SWIFT_ACTIVE_COMPILATION_CONDITIONS = "DEBUG $(inherited)";
				SWIFT_OPTIMIZATION_LEVEL = "-Onone";
			};
			name = Debug;
		};
		33A128822F01230200A86470 /* Release */ = {
			isa = XCBuildConfiguration;
			buildSettings = {
				ALWAYS_SEARCH_USER_PATHS = NO;
				ASSETCATALOG_COMPILER_GENERATE_SWIFT_ASSET_SYMBOL_EXTENSIONS = YES;
				CLANG_ANALYZER_NONNULL = YES;
				CLANG_ANALYZER_NUMBER_OBJECT_CONVERSION = YES_AGGRESSIVE;
				CLANG_CXX_LANGUAGE_STANDARD = "gnu++20";
				CLANG_ENABLE_MODULES = YES;
				CLANG_ENABLE_OBJC_ARC = YES;
				CLANG_ENABLE_OBJC_WEAK = YES;
				CLANG_WARN_BLOCK_CAPTURE_AUTORELEASING = YES;
				CLANG_WARN_BOOL_CONVERSION = YES;
				CLANG_WARN_COMMA = YES;
				CLANG_WARN_CONSTANT_CONVERSION = YES;
				CLANG_WARN_DEPRECATED_OBJC_IMPLEMENTATIONS = YES;
				CLANG_WARN_DIRECT_OBJC_ISA_USAGE = YES_ERROR;
				CLANG_WARN_DOCUMENTATION_COMMENTS = YES;
				CLANG_WARN_EMPTY_BODY = YES;
				CLANG_WARN_ENUM_CONVERSION = YES;
				CLANG_WARN_INFINITE_RECURSION = YES;
				CLANG_WARN_INT_CONVERSION = YES;
				CLANG_WARN_NON_LITERAL_NULL_CONVERSION = YES;
				CLANG_WARN_OBJC_IMPLICIT_RETAIN_SELF = YES;
				CLANG_WARN_OBJC_LITERAL_CONVERSION = YES;
				CLANG_WARN_OBJC_ROOT_CLASS = YES_ERROR;
				CLANG_WARN_QUOTED_INCLUDE_IN_FRAMEWORK_HEADER = YES;
				CLANG_WARN_RANGE_LOOP_ANALYSIS = YES;
				CLANG_WARN_STRICT_PROTOTYPES = YES;
				CLANG_WARN_SUSPICIOUS_MOVE = YES;
				CLANG_WARN_UNGUARDED_AVAILABILITY = YES_AGGRESSIVE;
				CLANG_WARN_UNREACHABLE_CODE = YES;
				CLANG_WARN__DUPLICATE_METHOD_MATCH = YES;
				COPY_PHASE_STRIP = NO;
				DEBUG_INFORMATION_FORMAT = "dwarf-with-dsym";
				ENABLE_NS_ASSERTIONS = NO;
				ENABLE_STRICT_OBJC_MSGSEND = YES;
				ENABLE_USER_SCRIPT_SANDBOXING = YES;
				GCC_C_LANGUAGE_STANDARD = gnu17;
				GCC_NO_COMMON_BLOCKS = YES;
				GCC_WARN_64_TO_32_BIT_CONVERSION = YES;
				GCC_WARN_ABOUT_RETURN_TYPE = YES_ERROR;
				GCC_WARN_UNDECLARED_SELECTOR = YES;
				GCC_WARN_UNINITIALIZED_AUTOS = YES_AGGRESSIVE;
				GCC_WARN_UNUSED_FUNCTION = YES;
				GCC_WARN_UNUSED_VARIABLE = YES;
				LOCALIZATION_PREFERS_STRING_CATALOGS = YES;
				MTL_ENABLE_DEBUG_INFO = NO;
				MTL_FAST_MATH = YES;
				SWIFT_COMPILATION_MODE = wholemodule;
			};
			name = Release;
		};
		33A128842F01230200A86470 /* Debug */ = {
			isa = XCBuildConfiguration;
			buildSettings = {
				ASSETCATALOG_COMPILER_APPICON_NAME = AppIcon;
				ASSETCATALOG_COMPILER_GLOBAL_ACCENT_COLOR_NAME = AccentColor;
				CODE_SIGN_STYLE = Automatic;
				CURRENT_PROJECT_VERSION = 1;
				ENABLE_APP_SANDBOX = YES;
				ENABLE_PREVIEWS = YES;
				ENABLE_USER_SELECTED_FILES = readonly;
				GENERATE_INFOPLIST_FILE = YES;
				"INFOPLIST_KEY_UIApplicationSceneManifest_Generation[sdk=iphoneos*]" = YES;
				"INFOPLIST_KEY_UIApplicationSceneManifest_Generation[sdk=iphonesimulator*]" = YES;
				"INFOPLIST_KEY_UIApplicationSupportsIndirectInputEvents[sdk=iphoneos*]" = YES;
				"INFOPLIST_KEY_UIApplicationSupportsIndirectInputEvents[sdk=iphonesimulator*]" = YES;
				"INFOPLIST_KEY_UILaunchScreen_Generation[sdk=iphoneos*]" = YES;
				"INFOPLIST_KEY_UILaunchScreen_Generation[sdk=iphonesimulator*]" = YES;
				"INFOPLIST_KEY_UIStatusBarStyle[sdk=iphoneos*]" = UIStatusBarStyleDefault;
				"INFOPLIST_KEY_UIStatusBarStyle[sdk=iphonesimulator*]" = UIStatusBarStyleDefault;
				INFOPLIST_KEY_UISupportedInterfaceOrientations_iPad = "UIInterfaceOrientationPortrait UIInterfaceOrientationPortraitUpsideDown UIInterfaceOrientationLandscapeLeft UIInterfaceOrientationLandscapeRight";
				INFOPLIST_KEY_UISupportedInterfaceOrientations_iPhone = "UIInterfaceOrientationPortrait UIInterfaceOrientationLandscapeLeft UIInterfaceOrientationLandscapeRight";
				IPHONEOS_DEPLOYMENT_TARGET = 17.0;
				LD_RUNPATH_SEARCH_PATHS = "@executable_path/Frameworks";
				"LD_RUNPATH_SEARCH_PATHS[sdk=macosx*]" = "@executable_path/../Frameworks";
				MACOSX_DEPLOYMENT_TARGET = 26.0;
				MARKETING_VERSION = 1.0;
				PRODUCT_BUNDLE_IDENTIFIER = shirishpothi.FileOrganiser;
				PRODUCT_NAME = "$(TARGET_NAME)";
				REGISTER_APP_GROUPS = YES;
				SDKROOT = auto;
				STRING_CATALOG_GENERATE_SYMBOLS = YES;
				SUPPORTED_PLATFORMS = "iphoneos iphonesimulator macosx xros xrsimulator";
				SWIFT_APPROACHABLE_CONCURRENCY = YES;
				SWIFT_DEFAULT_ACTOR_ISOLATION = MainActor;
				SWIFT_EMIT_LOC_STRINGS = YES;
				SWIFT_UPCOMING_FEATURE_MEMBER_IMPORT_VISIBILITY = YES;
				SWIFT_VERSION = 5.0;
				TARGETED_DEVICE_FAMILY = "1,2,7";
				XROS_DEPLOYMENT_TARGET = 1.0;
			};
			name = Debug;
		};
		33A128852F01230200A86470 /* Release */ = {
			isa = XCBuildConfiguration;
			buildSettings = {
				ASSETCATALOG_COMPILER_APPICON_NAME = AppIcon;
				ASSETCATALOG_COMPILER_GLOBAL_ACCENT_COLOR_NAME = AccentColor;
				CODE_SIGN_STYLE = Automatic;
				CURRENT_PROJECT_VERSION = 1;
				ENABLE_APP_SANDBOX = YES;
				ENABLE_PREVIEWS = YES;
				ENABLE_USER_SELECTED_FILES = readonly;
				GENERATE_INFOPLIST_FILE = YES;
				"INFOPLIST_KEY_UIApplicationSceneManifest_Generation[sdk=iphoneos*]" = YES;
				"INFOPLIST_KEY_UIApplicationSceneManifest_Generation[sdk=iphonesimulator*]" = YES;
				"INFOPLIST_KEY_UIApplicationSupportsIndirectInputEvents[sdk=iphoneos*]" = YES;
				"INFOPLIST_KEY_UIApplicationSupportsIndirectInputEvents[sdk=iphonesimulator*]" = YES;
				"INFOPLIST_KEY_UILaunchScreen_Generation[sdk=iphoneos*]" = YES;
				"INFOPLIST_KEY_UILaunchScreen_Generation[sdk=iphonesimulator*]" = YES;
				"INFOPLIST_KEY_UIStatusBarStyle[sdk=iphoneos*]" = UIStatusBarStyleDefault;
				"INFOPLIST_KEY_UIStatusBarStyle[sdk=iphonesimulator*]" = UIStatusBarStyleDefault;
				INFOPLIST_KEY_UISupportedInterfaceOrientations_iPad = "UIInterfaceOrientationPortrait UIInterfaceOrientationPortraitUpsideDown UIInterfaceOrientationLandscapeLeft UIInterfaceOrientationLandscapeRight";
				INFOPLIST_KEY_UISupportedInterfaceOrientations_iPhone = "UIInterfaceOrientationPortrait UIInterfaceOrientationLandscapeLeft UIInterfaceOrientationLandscapeRight";
				IPHONEOS_DEPLOYMENT_TARGET = 17.0;
				LD_RUNPATH_SEARCH_PATHS = "@executable_path/Frameworks";
				"LD_RUNPATH_SEARCH_PATHS[sdk=macosx*]" = "@executable_path/../Frameworks";
				MACOSX_DEPLOYMENT_TARGET = 26.0;
				MARKETING_VERSION = 1.0;
				PRODUCT_BUNDLE_IDENTIFIER = shirishpothi.FileOrganiser;
				PRODUCT_NAME = "$(TARGET_NAME)";
				REGISTER_APP_GROUPS = YES;
				SDKROOT = auto;
				STRING_CATALOG_GENERATE_SYMBOLS = YES;
				SUPPORTED_PLATFORMS = "iphoneos iphonesimulator macosx xros xrsimulator";
				SWIFT_APPROACHABLE_CONCURRENCY = YES;
				SWIFT_DEFAULT_ACTOR_ISOLATION = MainActor;
				SWIFT_EMIT_LOC_STRINGS = YES;
				SWIFT_UPCOMING_FEATURE_MEMBER_IMPORT_VISIBILITY = YES;
				SWIFT_VERSION = 5.0;
				TARGETED_DEVICE_FAMILY = "1,2,7";
				XROS_DEPLOYMENT_TARGET = 1.0;
			};
			name = Release;
		};
		33A128872F01230200A86470 /* Debug */ = {
			isa = XCBuildConfiguration;
			buildSettings = {
				BUNDLE_LOADER = "$(TEST_HOST)";
				CODE_SIGN_STYLE = Automatic;
				CURRENT_PROJECT_VERSION = 1;
				GENERATE_INFOPLIST_FILE = YES;
				IPHONEOS_DEPLOYMENT_TARGET = 17.0;
				MACOSX_DEPLOYMENT_TARGET = 26.0;
				MARKETING_VERSION = 1.0;
				PRODUCT_BUNDLE_IDENTIFIER = shirishpothi.FileOrganiserTests;
				PRODUCT_NAME = "$(TARGET_NAME)";
				SDKROOT = auto;
				STRING_CATALOG_GENERATE_SYMBOLS = NO;
				SUPPORTED_PLATFORMS = "iphoneos iphonesimulator macosx xros xrsimulator";
				SWIFT_APPROACHABLE_CONCURRENCY = YES;
				SWIFT_EMIT_LOC_STRINGS = NO;
				SWIFT_UPCOMING_FEATURE_MEMBER_IMPORT_VISIBILITY = YES;
				SWIFT_VERSION = 5.0;
				TARGETED_DEVICE_FAMILY = "1,2,7";
				TEST_HOST = "$(BUILT_PRODUCTS_DIR)/FileOrganiser.app/$(BUNDLE_EXECUTABLE_FOLDER_PATH)/FileOrganiser";
				XROS_DEPLOYMENT_TARGET = 1.0;
			};
			name = Debug;
		};
		33A128882F01230200A86470 /* Release */ = {
			isa = XCBuildConfiguration;
			buildSettings = {
				BUNDLE_LOADER = "$(TEST_HOST)";
				CODE_SIGN_STYLE = Automatic;
				CURRENT_PROJECT_VERSION = 1;
				GENERATE_INFOPLIST_FILE = YES;
				IPHONEOS_DEPLOYMENT_TARGET = 17.0;
				MACOSX_DEPLOYMENT_TARGET = 26.0;
				MARKETING_VERSION = 1.0;
				PRODUCT_BUNDLE_IDENTIFIER = shirishpothi.FileOrganiserTests;
				PRODUCT_NAME = "$(TARGET_NAME)";
				SDKROOT = auto;
				STRING_CATALOG_GENERATE_SYMBOLS = NO;
				SUPPORTED_PLATFORMS = "iphoneos iphonesimulator macosx xros xrsimulator";
				SWIFT_APPROACHABLE_CONCURRENCY = YES;
				SWIFT_EMIT_LOC_STRINGS = NO;
				SWIFT_UPCOMING_FEATURE_MEMBER_IMPORT_VISIBILITY = YES;
				SWIFT_VERSION = 5.0;
				TARGETED_DEVICE_FAMILY = "1,2,7";
				TEST_HOST = "$(BUILT_PRODUCTS_DIR)/FileOrganiser.app/$(BUNDLE_EXECUTABLE_FOLDER_PATH)/FileOrganiser";
				XROS_DEPLOYMENT_TARGET = 1.0;
			};
			name = Release;
		};
		33A1288A2F01230200A86470 /* Debug */ = {
			isa = XCBuildConfiguration;
			buildSettings = {
				CODE_SIGN_STYLE = Automatic;
				CURRENT_PROJECT_VERSION = 1;
				GENERATE_INFOPLIST_FILE = YES;
				IPHONEOS_DEPLOYMENT_TARGET = 17.0;
				MACOSX_DEPLOYMENT_TARGET = 26.0;
				MARKETING_VERSION = 1.0;
				PRODUCT_BUNDLE_IDENTIFIER = shirishpothi.FileOrganiserUITests;
				PRODUCT_NAME = "$(TARGET_NAME)";
				SDKROOT = auto;
				STRING_CATALOG_GENERATE_SYMBOLS = NO;
				SUPPORTED_PLATFORMS = "iphoneos iphonesimulator macosx xros xrsimulator";
				SWIFT_APPROACHABLE_CONCURRENCY = YES;
				SWIFT_EMIT_LOC_STRINGS = NO;
				SWIFT_UPCOMING_FEATURE_MEMBER_IMPORT_VISIBILITY = YES;
				SWIFT_VERSION = 5.0;
				TARGETED_DEVICE_FAMILY = "1,2,7";
				TEST_TARGET_NAME = FileOrganiser;
				XROS_DEPLOYMENT_TARGET = 1.0;
			};
			name = Debug;
		};
		33A1288B2F01230200A86470 /* Release */ = {
			isa = XCBuildConfiguration;
			buildSettings = {
				CODE_SIGN_STYLE = Automatic;
				CURRENT_PROJECT_VERSION = 1;
				GENERATE_INFOPLIST_FILE = YES;
				IPHONEOS_DEPLOYMENT_TARGET = 17.0;
				MACOSX_DEPLOYMENT_TARGET = 26.0;
				MARKETING_VERSION = 1.0;
				PRODUCT_BUNDLE_IDENTIFIER = shirishpothi.FileOrganiserUITests;
				PRODUCT_NAME = "$(TARGET_NAME)";
				SDKROOT = auto;
				STRING_CATALOG_GENERATE_SYMBOLS = NO;
				SUPPORTED_PLATFORMS = "iphoneos iphonesimulator macosx xros xrsimulator";
				SWIFT_APPROACHABLE_CONCURRENCY = YES;
				SWIFT_EMIT_LOC_STRINGS = NO;
				SWIFT_UPCOMING_FEATURE_MEMBER_IMPORT_VISIBILITY = YES;
				SWIFT_VERSION = 5.0;
				TARGETED_DEVICE_FAMILY = "1,2,7";
				TEST_TARGET_NAME = FileOrganiser;
				XROS_DEPLOYMENT_TARGET = 1.0;
			};
			name = Release;
		};
/* End XCBuildConfiguration section */

/* Begin XCConfigurationList section */
		33A1285D2F01230000A86470 /* Build configuration list for PBXProject "FileOrganiser" */ = {
			isa = XCConfigurationList;
			buildConfigurations = (
				33A128812F01230200A86470 /* Debug */,
				33A128822F01230200A86470 /* Release */,
			);
			defaultConfigurationIsVisible = 0;
			defaultConfigurationName = Release;
		};
		33A128832F01230200A86470 /* Build configuration list for PBXNativeTarget "FileOrganiser" */ = {
			isa = XCConfigurationList;
			buildConfigurations = (
				33A128842F01230200A86470 /* Debug */,
				33A128852F01230200A86470 /* Release */,
			);
			defaultConfigurationIsVisible = 0;
			defaultConfigurationName = Release;
		};
		33A128862F01230200A86470 /* Build configuration list for PBXNativeTarget "FileOrganiserTests" */ = {
			isa = XCConfigurationList;
			buildConfigurations = (
				33A128872F01230200A86470 /* Debug */,
				33A128882F01230200A86470 /* Release */,
			);
			defaultConfigurationIsVisible = 0;
			defaultConfigurationName = Release;
		};
		33A128892F01230200A86470 /* Build configuration list for PBXNativeTarget "FileOrganiserUITests" */ = {
			isa = XCConfigurationList;
			buildConfigurations = (
				33A1288A2F01230200A86470 /* Debug */,
				33A1288B2F01230200A86470 /* Release */,
			);
			defaultConfigurationIsVisible = 0;
			defaultConfigurationName = Release;
		};
/* End XCConfigurationList section */
	};
	rootObject = 33A1285A2F01230000A86470 /* Project object */;
}
